{
  "name": "src",
  "version": "1.0.0",
  "lockfileVersion": 1,
  "requires": true,
  "dependencies": {
    "is-isbn": {
      "version": "1.1.0",
      "resolved": "https://registry.npmjs.org/is-isbn/-/is-isbn-1.1.0.tgz",
      "integrity": "sha1-aTMos8iOfaVFL32fziM+4hWnJuQ="
    },
    "isbn-validate": {
      "version": "1.0.3",
      "resolved": "https://registry.npmjs.org/isbn-validate/-/isbn-validate-1.0.3.tgz",
      "integrity": "sha512-x8azK6Jx2nvcbZqBOdEPtoKyrMAN6DM4JdfvFLP0EcAUu6/VELFy4rODI/5masnMRGLMqsrDUrG7o2n0ThpemQ=="
    },
    "isbn-validator": {
      "version": "1.2.0",
      "resolved": "https://registry.npmjs.org/isbn-validator/-/isbn-validator-1.2.0.tgz",
      "integrity": "sha1-F9KiM/ucso3KIKUHs5Bf57Zn5hM="
    }
  }
}
